
Microsoft Visual Studio Solution File, Format Version 12.00
# Visual Studio Version 16
VisualStudioVersion = 16.0.29201.188
MinimumVisualStudioVersion = 10.0.40219.1
Project("{2150E333-8FDC-42A3-9474-1A3956D46DE8}") = "Solution Items", "Solution Items", "{58C21566-A099-4315-B5FC-171C4BD5F56E}"
	ProjectSection(SolutionItems) = preProject
		.dockerignore = .dockerignore
		docker-compose.yml = docker-compose.yml
		.github\workflows\docker.yml = .github\workflows\docker.yml
		Dockerfile = Dockerfile
		Dockerfile.debian-arm32 = Dockerfile.debian-arm32
	EndProjectSection
EndProject
Project("{9A19103F-16F7-4668-BE54-9A1E7A4F7556}") = "Consumer", "src\Consumer.csproj", "{6CB5A122-5945-44C6-A5F0-8CE241001114}"
EndProject
Global
	GlobalSection(SolutionConfigurationPlatforms) = preSolution
		Debug|Any CPU = Debug|Any CPU
		Release|Any CPU = Release|Any CPU
	EndGlobalSection
	GlobalSection(ProjectConfigurationPlatforms) = postSolution
		{6CB5A122-5945-44C6-A5F0-8CE241001114}.Debug|Any CPU.ActiveCfg = Debug|Any CPU
		{6CB5A122-5945-44C6-A5F0-8CE241001114}.Debug|Any CPU.Build.0 = Debug|Any CPU
		{6CB5A122-5945-44C6-A5F0-8CE241001114}.Release|Any CPU.ActiveCfg = Release|Any CPU
		{6CB5A122-5945-44C6-A5F0-8CE241001114}.Release|Any CPU.Build.0 = Release|Any CPU
	EndGlobalSection
	GlobalSection(SolutionProperties) = preSolution
		HideSolutionNode = FALSE
	EndGlobalSection
	GlobalSection(ExtensibilityGlobals) = postSolution
		SolutionGuid = {443ABE66-1E35-4966-9362-732EC4D6F42C}
	EndGlobalSection
EndGlobal
